
Microsoft Visual Studio Solution File, Format Version 12.00
# Visual Studio Version 17
VisualStudioVersion = 17.8.34511.84
MinimumVisualStudioVersion = 10.0.40219.1
Project("{FAE04EC0-301F-11D3-BF4B-00C04F79EFBC}") = "ProcesVerbal", "ProcesVerbal\ProcesVerbal.csproj", "{E7D4AE00-5D40-42BD-8CE4-C30DED9E58FB}"
EndProject
Global
	GlobalSection(SolutionConfigurationPlatforms) = preSolution
		Debug|Any CPU = Debug|Any CPU
		Release|Any CPU = Release|Any CPU
	EndGlobalSection
	GlobalSection(ProjectConfigurationPlatforms) = postSolution
		{E7D4AE00-5D40-42BD-8CE4-C30DED9E58FB}.Debug|Any CPU.ActiveCfg = Debug|Any CPU
		{E7D4AE00-5D40-42BD-8CE4-C30DED9E58FB}.Debug|Any CPU.Build.0 = Debug|Any CPU
		{E7D4AE00-5D40-42BD-8CE4-C30DED9E58FB}.Release|Any CPU.ActiveCfg = Release|Any CPU
		{E7D4AE00-5D40-42BD-8CE4-C30DED9E58FB}.Release|Any CPU.Build.0 = Release|Any CPU
	EndGlobalSection
	GlobalSection(SolutionProperties) = preSolution
		HideSolutionNode = FALSE
	EndGlobalSection
	GlobalSection(ExtensibilityGlobals) = postSolution
		SolutionGuid = {93FC3935-3137-425C-9BDD-B37B6DA36BF3}
	EndGlobalSection
EndGlobal
